// !$*UTF8*$!
{
	archiveVersion = 1;
	classes = {
	};
	objectVersion = 50;
	objects = {

/* Begin PBXBuildFile section */
		9D17B2D92263B42900A2623B /* titlebackground.png in Resources */ = {isa = PBXBuildFile; fileRef = 9D17B2D72263B42800A2623B /* titlebackground.png */; };
		9D17B2DA2263B42900A2623B /* menubutton.png in Resources */ = {isa = PBXBuildFile; fileRef = 9D17B2D82263B42800A2623B /* menubutton.png */; };
		9D6F7BA42263B7BB002C6C5E /* loadingscreen.png in Resources */ = {isa = PBXBuildFile; fileRef = 9D6F7BA32263B7BB002C6C5E /* loadingscreen.png */; };
		9D7442B422638ED70021BFC1 /* AboutUsViewController.swift in Sources */ = {isa = PBXBuildFile; fileRef = 9D7442B322638ED70021BFC1 /* AboutUsViewController.swift */; };
		9D7442B822639A300021BFC1 /* viewbackground.png in Resources */ = {isa = PBXBuildFile; fileRef = 9D7442B722639A300021BFC1 /* viewbackground.png */; };
		9DA2267E2263C5CE00BFBA58 /* AVFoundation.framework in Frameworks */ = {isa = PBXBuildFile; fileRef = 9DA2267D2263C5CE00BFBA58 /* AVFoundation.framework */; };
		9DA226802263C62900BFBA58 /* ParadiseWarfare.mp3 in Resources */ = {isa = PBXBuildFile; fileRef = 9DA2267F2263C62900BFBA58 /* ParadiseWarfare.mp3 */; };
		9DA226822263C9CA00BFBA58 /* Music.swift in Sources */ = {isa = PBXBuildFile; fileRef = 9DA226812263C9CA00BFBA58 /* Music.swift */; };
		9DA822822263886C00CFCF39 /* greencar.png in Resources */ = {isa = PBXBuildFile; fileRef = 9DA8227B2263886C00CFCF39 /* greencar.png */; };
		9DA822832263886C00CFCF39 /* yellowcar.png in Resources */ = {isa = PBXBuildFile; fileRef = 9DA8227C2263886C00CFCF39 /* yellowcar.png */; };
		9DA822842263886C00CFCF39 /* bigtire.png in Resources */ = {isa = PBXBuildFile; fileRef = 9DA8227D2263886C00CFCF39 /* bigtire.png */; };
		9DA822852263886C00CFCF39 /* bluecar.png in Resources */ = {isa = PBXBuildFile; fileRef = 9DA8227E2263886C00CFCF39 /* bluecar.png */; };
		9DA822862263886C00CFCF39 /* smalltire.png in Resources */ = {isa = PBXBuildFile; fileRef = 9DA8227F2263886C00CFCF39 /* smalltire.png */; };
		9DA822872263886C00CFCF39 /* medtire.png in Resources */ = {isa = PBXBuildFile; fileRef = 9DA822802263886C00CFCF39 /* medtire.png */; };
		9DA822882263886C00CFCF39 /* redcar.png in Resources */ = {isa = PBXBuildFile; fileRef = 9DA822812263886C00CFCF39 /* redcar.png */; };
		AE24D47E2262682700063BB0 /* UserData.swift in Sources */ = {isa = PBXBuildFile; fileRef = AE24D47D2262682700063BB0 /* UserData.swift */; };
		AE24D4812262696A00063BB0 /* QuartzCore.framework in Frameworks */ = {isa = PBXBuildFile; fileRef = AE24D4802262696A00063BB0 /* QuartzCore.framework */; };
		AE24D4842262697000063BB0 /* libsqlite3.0.tbd in Frameworks */ = {isa = PBXBuildFile; fileRef = AE24D4822262697000063BB0 /* libsqlite3.0.tbd */; };
		AE24D4852262697000063BB0 /* libsqlite3.tbd in Frameworks */ = {isa = PBXBuildFile; fileRef = AE24D4832262697000063BB0 /* libsqlite3.tbd */; };
		AE24D4872262697600063BB0 /* WebKit.framework in Frameworks */ = {isa = PBXBuildFile; fileRef = AE24D4862262697600063BB0 /* WebKit.framework */; };
		AE24D48D2262755E00063BB0 /* AllPlayersViewController.swift in Sources */ = {isa = PBXBuildFile; fileRef = AE24D48C2262755E00063BB0 /* AllPlayersViewController.swift */; };
		AE24D48F226275E000063BB0 /* UniqueCell.swift in Sources */ = {isa = PBXBuildFile; fileRef = AE24D48E226275E000063BB0 /* UniqueCell.swift */; };
		AE24D494226279C900063BB0 /* WoodenBackground.png in Resources */ = {isa = PBXBuildFile; fileRef = AE24D493226279C900063BB0 /* WoodenBackground.png */; };
		AE4CECEB223DE187000F13B8 /* AppDelegate.swift in Sources */ = {isa = PBXBuildFile; fileRef = AE4CECEA223DE187000F13B8 /* AppDelegate.swift */; };
		AE4CECED223DE187000F13B8 /* ViewController.swift in Sources */ = {isa = PBXBuildFile; fileRef = AE4CECEC223DE187000F13B8 /* ViewController.swift */; };
		AE4CECF0223DE187000F13B8 /* Main.storyboard in Resources */ = {isa = PBXBuildFile; fileRef = AE4CECEE223DE187000F13B8 /* Main.storyboard */; };
		AE4CECF2223DE189000F13B8 /* Assets.xcassets in Resources */ = {isa = PBXBuildFile; fileRef = AE4CECF1223DE189000F13B8 /* Assets.xcassets */; };
		AE4CECF5223DE189000F13B8 /* LaunchScreen.storyboard in Resources */ = {isa = PBXBuildFile; fileRef = AE4CECF3223DE189000F13B8 /* LaunchScreen.storyboard */; };
		AE4CED02223DF704000F13B8 /* CustomizeViewController.swift in Sources */ = {isa = PBXBuildFile; fileRef = AE4CED01223DF704000F13B8 /* CustomizeViewController.swift */; };
		AE4CED04223DF718000F13B8 /* SettingsViewController.swift in Sources */ = {isa = PBXBuildFile; fileRef = AE4CED03223DF718000F13B8 /* SettingsViewController.swift */; };
		AEA6AA56223F21FF00F992CA /* logout.jpeg in Resources */ = {isa = PBXBuildFile; fileRef = AEA6AA55223F21FF00F992CA /* logout.jpeg */; };
		AEA6AA58223F246C00F992CA /* facebookconnect.png in Resources */ = {isa = PBXBuildFile; fileRef = AEA6AA57223F246C00F992CA /* facebookconnect.png */; };
		AEA9697922639D4700A1651E /* Wallpaper.swift in Sources */ = {isa = PBXBuildFile; fileRef = AEA9697822639D4700A1651E /* Wallpaper.swift */; };
		AEA9697F2263A2B100A1651E /* lane.png in Resources */ = {isa = PBXBuildFile; fileRef = AEA9697E2263A2B100A1651E /* lane.png */; };
/* End PBXBuildFile section */

/* Begin PBXFileReference section */
		9D17B2D72263B42800A2623B /* titlebackground.png */ = {isa = PBXFileReference; lastKnownFileType = image.png; path = titlebackground.png; sourceTree = "<group>"; };
		9D17B2D82263B42800A2623B /* menubutton.png */ = {isa = PBXFileReference; lastKnownFileType = image.png; path = menubutton.png; sourceTree = "<group>"; };
		9D6F7BA32263B7BB002C6C5E /* loadingscreen.png */ = {isa = PBXFileReference; lastKnownFileType = image.png; path = loadingscreen.png; sourceTree = "<group>"; };
		9D7442B322638ED70021BFC1 /* AboutUsViewController.swift */ = {isa = PBXFileReference; lastKnownFileType = sourcecode.swift; path = AboutUsViewController.swift; sourceTree = "<group>"; };
		9D7442B722639A300021BFC1 /* viewbackground.png */ = {isa = PBXFileReference; lastKnownFileType = image.png; path = viewbackground.png; sourceTree = "<group>"; };
		9DA2267D2263C5CE00BFBA58 /* AVFoundation.framework */ = {isa = PBXFileReference; lastKnownFileType = wrapper.framework; name = AVFoundation.framework; path = System/Library/Frameworks/AVFoundation.framework; sourceTree = SDKROOT; };
		9DA2267F2263C62900BFBA58 /* ParadiseWarfare.mp3 */ = {isa = PBXFileReference; lastKnownFileType = audio.mp3; path = ParadiseWarfare.mp3; sourceTree = "<group>"; };
		9DA226812263C9CA00BFBA58 /* Music.swift */ = {isa = PBXFileReference; lastKnownFileType = sourcecode.swift; path = Music.swift; sourceTree = "<group>"; };
		9DA8227B2263886C00CFCF39 /* greencar.png */ = {isa = PBXFileReference; lastKnownFileType = image.png; path = greencar.png; sourceTree = "<group>"; };
		9DA8227C2263886C00CFCF39 /* yellowcar.png */ = {isa = PBXFileReference; lastKnownFileType = image.png; path = yellowcar.png; sourceTree = "<group>"; };
		9DA8227D2263886C00CFCF39 /* bigtire.png */ = {isa = PBXFileReference; lastKnownFileType = image.png; path = bigtire.png; sourceTree = "<group>"; };
		9DA8227E2263886C00CFCF39 /* bluecar.png */ = {isa = PBXFileReference; lastKnownFileType = image.png; path = bluecar.png; sourceTree = "<group>"; };
		9DA8227F2263886C00CFCF39 /* smalltire.png */ = {isa = PBXFileReference; lastKnownFileType = image.png; path = smalltire.png; sourceTree = "<group>"; };
		9DA822802263886C00CFCF39 /* medtire.png */ = {isa = PBXFileReference; lastKnownFileType = image.png; path = medtire.png; sourceTree = "<group>"; };
		9DA822812263886C00CFCF39 /* redcar.png */ = {isa = PBXFileReference; lastKnownFileType = image.png; path = redcar.png; sourceTree = "<group>"; };
		AE24D47D2262682700063BB0 /* UserData.swift */ = {isa = PBXFileReference; lastKnownFileType = sourcecode.swift; path = UserData.swift; sourceTree = "<group>"; };
		AE24D4802262696A00063BB0 /* QuartzCore.framework */ = {isa = PBXFileReference; lastKnownFileType = wrapper.framework; name = QuartzCore.framework; path = System/Library/Frameworks/QuartzCore.framework; sourceTree = SDKROOT; };
		AE24D4822262697000063BB0 /* libsqlite3.0.tbd */ = {isa = PBXFileReference; lastKnownFileType = "sourcecode.text-based-dylib-definition"; name = libsqlite3.0.tbd; path = usr/lib/libsqlite3.0.tbd; sourceTree = SDKROOT; };
		AE24D4832262697000063BB0 /* libsqlite3.tbd */ = {isa = PBXFileReference; lastKnownFileType = "sourcecode.text-based-dylib-definition"; name = libsqlite3.tbd; path = usr/lib/libsqlite3.tbd; sourceTree = SDKROOT; };
		AE24D4862262697600063BB0 /* WebKit.framework */ = {isa = PBXFileReference; lastKnownFileType = wrapper.framework; name = WebKit.framework; path = System/Library/Frameworks/WebKit.framework; sourceTree = SDKROOT; };
		AE24D48C2262755E00063BB0 /* AllPlayersViewController.swift */ = {isa = PBXFileReference; lastKnownFileType = sourcecode.swift; path = AllPlayersViewController.swift; sourceTree = "<group>"; };
		AE24D48E226275E000063BB0 /* UniqueCell.swift */ = {isa = PBXFileReference; lastKnownFileType = sourcecode.swift; path = UniqueCell.swift; sourceTree = "<group>"; };
		AE24D4902262785100063BB0 /* Project.db */ = {isa = PBXFileReference; lastKnownFileType = file; path = Project.db; sourceTree = "<group>"; };
		AE24D493226279C900063BB0 /* WoodenBackground.png */ = {isa = PBXFileReference; lastKnownFileType = image.png; path = WoodenBackground.png; sourceTree = "<group>"; };
		AE4CECE7223DE187000F13B8 /* AR_Racing_Revolution.app */ = {isa = PBXFileReference; explicitFileType = wrapper.application; includeInIndex = 0; path = AR_Racing_Revolution.app; sourceTree = BUILT_PRODUCTS_DIR; };
		AE4CECEA223DE187000F13B8 /* AppDelegate.swift */ = {isa = PBXFileReference; lastKnownFileType = sourcecode.swift; path = AppDelegate.swift; sourceTree = "<group>"; };
		AE4CECEC223DE187000F13B8 /* ViewController.swift */ = {isa = PBXFileReference; lastKnownFileType = sourcecode.swift; path = ViewController.swift; sourceTree = "<group>"; };
		AE4CECEF223DE187000F13B8 /* Base */ = {isa = PBXFileReference; lastKnownFileType = file.storyboard; name = Base; path = Base.lproj/Main.storyboard; sourceTree = "<group>"; };
		AE4CECF1223DE189000F13B8 /* Assets.xcassets */ = {isa = PBXFileReference; lastKnownFileType = folder.assetcatalog; path = Assets.xcassets; sourceTree = "<group>"; };
		AE4CECF4223DE189000F13B8 /* Base */ = {isa = PBXFileReference; lastKnownFileType = file.storyboard; name = Base; path = Base.lproj/LaunchScreen.storyboard; sourceTree = "<group>"; };
		AE4CECF6223DE189000F13B8 /* Info.plist */ = {isa = PBXFileReference; lastKnownFileType = text.plist.xml; path = Info.plist; sourceTree = "<group>"; };
		AE4CED01223DF704000F13B8 /* CustomizeViewController.swift */ = {isa = PBXFileReference; lastKnownFileType = sourcecode.swift; path = CustomizeViewController.swift; sourceTree = "<group>"; };
		AE4CED03223DF718000F13B8 /* SettingsViewController.swift */ = {isa = PBXFileReference; lastKnownFileType = sourcecode.swift; path = SettingsViewController.swift; sourceTree = "<group>"; };
		AEA6AA55223F21FF00F992CA /* logout.jpeg */ = {isa = PBXFileReference; lastKnownFileType = image.jpeg; path = logout.jpeg; sourceTree = "<group>"; };
		AEA6AA57223F246C00F992CA /* facebookconnect.png */ = {isa = PBXFileReference; lastKnownFileType = image.png; path = facebookconnect.png; sourceTree = "<group>"; };
		AEA9697822639D4700A1651E /* Wallpaper.swift */ = {isa = PBXFileReference; lastKnownFileType = sourcecode.swift; path = Wallpaper.swift; sourceTree = "<group>"; };
		AEA9697E2263A2B100A1651E /* lane.png */ = {isa = PBXFileReference; lastKnownFileType = image.png; path = lane.png; sourceTree = "<group>"; };
/* End PBXFileReference section */

/* Begin PBXFrameworksBuildPhase section */
		AE4CECE4223DE187000F13B8 /* Frameworks */ = {
			isa = PBXFrameworksBuildPhase;
			buildActionMask = 2147483647;
			files = (
				9DA2267E2263C5CE00BFBA58 /* AVFoundation.framework in Frameworks */,
				AE24D4872262697600063BB0 /* WebKit.framework in Frameworks */,
				AE24D4842262697000063BB0 /* libsqlite3.0.tbd in Frameworks */,
				AE24D4852262697000063BB0 /* libsqlite3.tbd in Frameworks */,
				AE24D4812262696A00063BB0 /* QuartzCore.framework in Frameworks */,
			);
			runOnlyForDeploymentPostprocessing = 0;
		};
/* End PBXFrameworksBuildPhase section */

/* Begin PBXGroup section */
		AE24D47C226267FE00063BB0 /* Classes */ = {
			isa = PBXGroup;
			children = (
				AE4CECEA223DE187000F13B8 /* AppDelegate.swift */,
				AE24D47D2262682700063BB0 /* UserData.swift */,
				AE24D48E226275E000063BB0 /* UniqueCell.swift */,
				AEA9697822639D4700A1651E /* Wallpaper.swift */,
				9DA226812263C9CA00BFBA58 /* Music.swift */,
			);
			path = Classes;
			sourceTree = "<group>";
		};
		AE24D47F2262696900063BB0 /* Frameworks */ = {
			isa = PBXGroup;
			children = (
				9DA2267D2263C5CE00BFBA58 /* AVFoundation.framework */,
				AE24D4862262697600063BB0 /* WebKit.framework */,
				AE24D4822262697000063BB0 /* libsqlite3.0.tbd */,
				AE24D4832262697000063BB0 /* libsqlite3.tbd */,
				AE24D4802262696A00063BB0 /* QuartzCore.framework */,
			);
			name = Frameworks;
			sourceTree = "<group>";
		};
		AE24D48822626C2C00063BB0 /* Database */ = {
			isa = PBXGroup;
			children = (
				AE24D4902262785100063BB0 /* Project.db */,
			);
			path = Database;
			sourceTree = "<group>";
		};
		AE4CECDE223DE187000F13B8 = {
			isa = PBXGroup;
			children = (
				AE4CECE9223DE187000F13B8 /* AR_Racing_Revolution */,
				AE4CECE8223DE187000F13B8 /* Products */,
				AE24D47F2262696900063BB0 /* Frameworks */,
			);
			sourceTree = "<group>";
		};
		AE4CECE8223DE187000F13B8 /* Products */ = {
			isa = PBXGroup;
			children = (
				AE4CECE7223DE187000F13B8 /* AR_Racing_Revolution.app */,
			);
			name = Products;
			sourceTree = "<group>";
		};
		AE4CECE9223DE187000F13B8 /* AR_Racing_Revolution */ = {
			isa = PBXGroup;
			children = (
				AE24D48822626C2C00063BB0 /* Database */,
				AE24D47C226267FE00063BB0 /* Classes */,
				AE4CECFF223DE50B000F13B8 /* ViewControllers */,
				AE4CECFE223DE505000F13B8 /* Sounds */,
				AE4CECFD223DE500000F13B8 /* Images */,
				AE4CECFC223DE379000F13B8 /* StoryBoards */,
				AE4CECF1223DE189000F13B8 /* Assets.xcassets */,
				AE4CECF6223DE189000F13B8 /* Info.plist */,
			);
			path = AR_Racing_Revolution;
			sourceTree = "<group>";
		};
		AE4CECFC223DE379000F13B8 /* StoryBoards */ = {
			isa = PBXGroup;
			children = (
				AE4CECEE223DE187000F13B8 /* Main.storyboard */,
				AE4CECF3223DE189000F13B8 /* LaunchScreen.storyboard */,
			);
			path = StoryBoards;
			sourceTree = "<group>";
		};
		AE4CECFD223DE500000F13B8 /* Images */ = {
			isa = PBXGroup;
			children = (
				9D6F7BA32263B7BB002C6C5E /* loadingscreen.png */,
				9D17B2D82263B42800A2623B /* menubutton.png */,
				9D17B2D72263B42800A2623B /* titlebackground.png */,
				9D7442B722639A300021BFC1 /* viewbackground.png */,
				AEA9697E2263A2B100A1651E /* lane.png */,
				9DA8227D2263886C00CFCF39 /* bigtire.png */,
				9DA8227E2263886C00CFCF39 /* bluecar.png */,
				9DA8227B2263886C00CFCF39 /* greencar.png */,
				9DA822802263886C00CFCF39 /* medtire.png */,
				9DA822812263886C00CFCF39 /* redcar.png */,
				9DA8227F2263886C00CFCF39 /* smalltire.png */,
				9DA8227C2263886C00CFCF39 /* yellowcar.png */,
				AE24D493226279C900063BB0 /* WoodenBackground.png */,
				AEA6AA57223F246C00F992CA /* facebookconnect.png */,
				AEA6AA55223F21FF00F992CA /* logout.jpeg */,
			);
			path = Images;
			sourceTree = "<group>";
		};
		AE4CECFE223DE505000F13B8 /* Sounds */ = {
			isa = PBXGroup;
			children = (
				9DA2267F2263C62900BFBA58 /* ParadiseWarfare.mp3 */,
			);
			path = Sounds;
			sourceTree = "<group>";
		};
		AE4CECFF223DE50B000F13B8 /* ViewControllers */ = {
			isa = PBXGroup;
			children = (
				AE4CECEC223DE187000F13B8 /* ViewController.swift */,
				AE4CED01223DF704000F13B8 /* CustomizeViewController.swift */,
				AE4CED03223DF718000F13B8 /* SettingsViewController.swift */,
				AE24D48C2262755E00063BB0 /* AllPlayersViewController.swift */,
				9D7442B322638ED70021BFC1 /* AboutUsViewController.swift */,
			);
			path = ViewControllers;
			sourceTree = "<group>";
		};
/* End PBXGroup section */

/* Begin PBXNativeTarget section */
		AE4CECE6223DE187000F13B8 /* AR_Racing_Revolution */ = {
			isa = PBXNativeTarget;
			buildConfigurationList = AE4CECF9223DE189000F13B8 /* Build configuration list for PBXNativeTarget "AR_Racing_Revolution" */;
			buildPhases = (
				AE4CECE3223DE187000F13B8 /* Sources */,
				AE4CECE4223DE187000F13B8 /* Frameworks */,
				AE4CECE5223DE187000F13B8 /* Resources */,
			);
			buildRules = (
			);
			dependencies = (
			);
			name = AR_Racing_Revolution;
			productName = AR_Racing_Revolution;
			productReference = AE4CECE7223DE187000F13B8 /* AR_Racing_Revolution.app */;
			productType = "com.apple.product-type.application";
		};
/* End PBXNativeTarget section */

/* Begin PBXProject section */
		AE4CECDF223DE187000F13B8 /* Project object */ = {
			isa = PBXProject;
			attributes = {
				LastSwiftUpdateCheck = 1010;
				LastUpgradeCheck = 1010;
				ORGANIZATIONNAME = "Xcode User";
				TargetAttributes = {
					AE4CECE6223DE187000F13B8 = {
						CreatedOnToolsVersion = 10.1;
						SystemCapabilities = {
							com.apple.BackgroundModes = {
								enabled = 0;
							};
						};
					};
				};
			};
			buildConfigurationList = AE4CECE2223DE187000F13B8 /* Build configuration list for PBXProject "AR_Racing_Revolution" */;
			compatibilityVersion = "Xcode 9.3";
			developmentRegion = en;
			hasScannedForEncodings = 0;
			knownRegions = (
				en,
				Base,
			);
			mainGroup = AE4CECDE223DE187000F13B8;
			productRefGroup = AE4CECE8223DE187000F13B8 /* Products */;
			projectDirPath = "";
			projectRoot = "";
			targets = (
				AE4CECE6223DE187000F13B8 /* AR_Racing_Revolution */,
			);
		};
/* End PBXProject section */

/* Begin PBXResourcesBuildPhase section */
		AE4CECE5223DE187000F13B8 /* Resources */ = {
			isa = PBXResourcesBuildPhase;
			buildActionMask = 2147483647;
			files = (
				9DA822872263886C00CFCF39 /* medtire.png in Resources */,
				9DA822842263886C00CFCF39 /* bigtire.png in Resources */,
				9D6F7BA42263B7BB002C6C5E /* loadingscreen.png in Resources */,
				AE4CECF5223DE189000F13B8 /* LaunchScreen.storyboard in Resources */,
				9DA226802263C62900BFBA58 /* ParadiseWarfare.mp3 in Resources */,
				AE24D494226279C900063BB0 /* WoodenBackground.png in Resources */,
				9DA822862263886C00CFCF39 /* smalltire.png in Resources */,
				9D17B2DA2263B42900A2623B /* menubutton.png in Resources */,
				9DA822832263886C00CFCF39 /* yellowcar.png in Resources */,
				9DA822852263886C00CFCF39 /* bluecar.png in Resources */,
				9DA822882263886C00CFCF39 /* redcar.png in Resources */,
				9D17B2D92263B42900A2623B /* titlebackground.png in Resources */,
				AEA6AA56223F21FF00F992CA /* logout.jpeg in Resources */,
				9DA822822263886C00CFCF39 /* greencar.png in Resources */,
				AEA9697F2263A2B100A1651E /* lane.png in Resources */,
				AE4CECF2223DE189000F13B8 /* Assets.xcassets in Resources */,
				9D7442B822639A300021BFC1 /* viewbackground.png in Resources */,
				AE4CECF0223DE187000F13B8 /* Main.storyboard in Resources */,
				AEA6AA58223F246C00F992CA /* facebookconnect.png in Resources */,
			);
			runOnlyForDeploymentPostprocessing = 0;
		};
/* End PBXResourcesBuildPhase section */

/* Begin PBXSourcesBuildPhase section */
		AE4CECE3223DE187000F13B8 /* Sources */ = {
			isa = PBXSourcesBuildPhase;
			buildActionMask = 2147483647;
			files = (
				9D7442B422638ED70021BFC1 /* AboutUsViewController.swift in Sources */,
				AE4CECED223DE187000F13B8 /* ViewController.swift in Sources */,
				AE4CECEB223DE187000F13B8 /* AppDelegate.swift in Sources */,
				AEA9697922639D4700A1651E /* Wallpaper.swift in Sources */,
				AE4CED02223DF704000F13B8 /* CustomizeViewController.swift in Sources */,
				AE24D47E2262682700063BB0 /* UserData.swift in Sources */,
				AE4CED04223DF718000F13B8 /* SettingsViewController.swift in Sources */,
				9DA226822263C9CA00BFBA58 /* Music.swift in Sources */,
				AE24D48D2262755E00063BB0 /* AllPlayersViewController.swift in Sources */,
				AE24D48F226275E000063BB0 /* UniqueCell.swift in Sources */,
			);
			runOnlyForDeploymentPostprocessing = 0;
		};
/* End PBXSourcesBuildPhase section */

/* Begin PBXVariantGroup section */
		AE4CECEE223DE187000F13B8 /* Main.storyboard */ = {
			isa = PBXVariantGroup;
			children = (
				AE4CECEF223DE187000F13B8 /* Base */,
			);
			name = Main.storyboard;
			sourceTree = "<group>";
		};
		AE4CECF3223DE189000F13B8 /* LaunchScreen.storyboard */ = {
			isa = PBXVariantGroup;
			children = (
				AE4CECF4223DE189000F13B8 /* Base */,
			);
			name = LaunchScreen.storyboard;
			sourceTree = "<group>";
		};
/* End PBXVariantGroup section */

/* Begin XCBuildConfiguration section */
		AE4CECF7223DE189000F13B8 /* Debug */ = {
			isa = XCBuildConfiguration;
			buildSettings = {
				ALWAYS_SEARCH_USER_PATHS = NO;
				CLANG_ANALYZER_NONNULL = YES;
				CLANG_ANALYZER_NUMBER_OBJECT_CONVERSION = YES_AGGRESSIVE;
				CLANG_CXX_LANGUAGE_STANDARD = "gnu++14";
				CLANG_CXX_LIBRARY = "libc++";
				CLANG_ENABLE_MODULES = YES;
				CLANG_ENABLE_OBJC_ARC = YES;
				CLANG_ENABLE_OBJC_WEAK = YES;
				CLANG_WARN_BLOCK_CAPTURE_AUTORELEASING = YES;
				CLANG_WARN_BOOL_CONVERSION = YES;
				CLANG_WARN_COMMA = YES;
				CLANG_WARN_CONSTANT_CONVERSION = YES;
				CLANG_WARN_DEPRECATED_OBJC_IMPLEMENTATIONS = YES;
				CLANG_WARN_DIRECT_OBJC_ISA_USAGE = YES_ERROR;
				CLANG_WARN_DOCUMENTATION_COMMENTS = YES;
				CLANG_WARN_EMPTY_BODY = YES;
				CLANG_WARN_ENUM_CONVERSION = YES;
				CLANG_WARN_INFINITE_RECURSION = YES;
				CLANG_WARN_INT_CONVERSION = YES;
				CLANG_WARN_NON_LITERAL_NULL_CONVERSION = YES;
				CLANG_WARN_OBJC_IMPLICIT_RETAIN_SELF = YES;
				CLANG_WARN_OBJC_LITERAL_CONVERSION = YES;
				CLANG_WARN_OBJC_ROOT_CLASS = YES_ERROR;
				CLANG_WARN_RANGE_LOOP_ANALYSIS = YES;
				CLANG_WARN_STRICT_PROTOTYPES = YES;
				CLANG_WARN_SUSPICIOUS_MOVE = YES;
				CLANG_WARN_UNGUARDED_AVAILABILITY = YES_AGGRESSIVE;
				CLANG_WARN_UNREACHABLE_CODE = YES;
				CLANG_WARN__DUPLICATE_METHOD_MATCH = YES;
				CODE_SIGN_IDENTITY = "iPhone Developer";
				COPY_PHASE_STRIP = NO;
				DEBUG_INFORMATION_FORMAT = dwarf;
				ENABLE_STRICT_OBJC_MSGSEND = YES;
				ENABLE_TESTABILITY = YES;
				GCC_C_LANGUAGE_STANDARD = gnu11;
				GCC_DYNAMIC_NO_PIC = NO;
				GCC_NO_COMMON_BLOCKS = YES;
				GCC_OPTIMIZATION_LEVEL = 0;
				GCC_PREPROCESSOR_DEFINITIONS = (
					"DEBUG=1",
					"$(inherited)",
				);
				GCC_WARN_64_TO_32_BIT_CONVERSION = YES;
				GCC_WARN_ABOUT_RETURN_TYPE = YES_ERROR;
				GCC_WARN_UNDECLARED_SELECTOR = YES;
				GCC_WARN_UNINITIALIZED_AUTOS = YES_AGGRESSIVE;
				GCC_WARN_UNUSED_FUNCTION = YES;
				GCC_WARN_UNUSED_VARIABLE = YES;
				IPHONEOS_DEPLOYMENT_TARGET = 12.1;
				MTL_ENABLE_DEBUG_INFO = INCLUDE_SOURCE;
				MTL_FAST_MATH = YES;
				ONLY_ACTIVE_ARCH = YES;
				SDKROOT = iphoneos;
				SWIFT_ACTIVE_COMPILATION_CONDITIONS = DEBUG;
				SWIFT_OPTIMIZATION_LEVEL = "-Onone";
			};
			name = Debug;
		};
		AE4CECF8223DE189000F13B8 /* Release */ = {
			isa = XCBuildConfiguration;
			buildSettings = {
				ALWAYS_SEARCH_USER_PATHS = NO;
				CLANG_ANALYZER_NONNULL = YES;
				CLANG_ANALYZER_NUMBER_OBJECT_CONVERSION = YES_AGGRESSIVE;
				CLANG_CXX_LANGUAGE_STANDARD = "gnu++14";
				CLANG_CXX_LIBRARY = "libc++";
				CLANG_ENABLE_MODULES = YES;
				CLANG_ENABLE_OBJC_ARC = YES;
				CLANG_ENABLE_OBJC_WEAK = YES;
				CLANG_WARN_BLOCK_CAPTURE_AUTORELEASING = YES;
				CLANG_WARN_BOOL_CONVERSION = YES;
				CLANG_WARN_COMMA = YES;
				CLANG_WARN_CONSTANT_CONVERSION = YES;
				CLANG_WARN_DEPRECATED_OBJC_IMPLEMENTATIONS = YES;
				CLANG_WARN_DIRECT_OBJC_ISA_USAGE = YES_ERROR;
				CLANG_WARN_DOCUMENTATION_COMMENTS = YES;
				CLANG_WARN_EMPTY_BODY = YES;
				CLANG_WARN_ENUM_CONVERSION = YES;
				CLANG_WARN_INFINITE_RECURSION = YES;
				CLANG_WARN_INT_CONVERSION = YES;
				CLANG_WARN_NON_LITERAL_NULL_CONVERSION = YES;
				CLANG_WARN_OBJC_IMPLICIT_RETAIN_SELF = YES;
				CLANG_WARN_OBJC_LITERAL_CONVERSION = YES;
				CLANG_WARN_OBJC_ROOT_CLASS = YES_ERROR;
				CLANG_WARN_RANGE_LOOP_ANALYSIS = YES;
				CLANG_WARN_STRICT_PROTOTYPES = YES;
				CLANG_WARN_SUSPICIOUS_MOVE = YES;
				CLANG_WARN_UNGUARDED_AVAILABILITY = YES_AGGRESSIVE;
				CLANG_WARN_UNREACHABLE_CODE = YES;
				CLANG_WARN__DUPLICATE_METHOD_MATCH = YES;
				CODE_SIGN_IDENTITY = "iPhone Developer";
				COPY_PHASE_STRIP = NO;
				DEBUG_INFORMATION_FORMAT = "dwarf-with-dsym";
				ENABLE_NS_ASSERTIONS = NO;
				ENABLE_STRICT_OBJC_MSGSEND = YES;
				GCC_C_LANGUAGE_STANDARD = gnu11;
				GCC_NO_COMMON_BLOCKS = YES;
				GCC_WARN_64_TO_32_BIT_CONVERSION = YES;
				GCC_WARN_ABOUT_RETURN_TYPE = YES_ERROR;
				GCC_WARN_UNDECLARED_SELECTOR = YES;
				GCC_WARN_UNINITIALIZED_AUTOS = YES_AGGRESSIVE;
				GCC_WARN_UNUSED_FUNCTION = YES;
				GCC_WARN_UNUSED_VARIABLE = YES;
				IPHONEOS_DEPLOYMENT_TARGET = 12.1;
				MTL_ENABLE_DEBUG_INFO = NO;
				MTL_FAST_MATH = YES;
				SDKROOT = iphoneos;
				SWIFT_COMPILATION_MODE = wholemodule;
				SWIFT_OPTIMIZATION_LEVEL = "-O";
				VALIDATE_PRODUCT = YES;
			};
			name = Release;
		};
		AE4CECFA223DE189000F13B8 /* Debug */ = {
			isa = XCBuildConfiguration;
			buildSettings = {
				ASSETCATALOG_COMPILER_APPICON_NAME = AppIcon;
				CODE_SIGN_STYLE = Automatic;
				INFOPLIST_FILE = AR_Racing_Revolution/Info.plist;
				LD_RUNPATH_SEARCH_PATHS = (
					"$(inherited)",
					"@executable_path/Frameworks",
				);
				PRODUCT_BUNDLE_IDENTIFIER = "com.prog31632.AR-Racing-Revolution";
				PRODUCT_NAME = "$(TARGET_NAME)";
				SWIFT_VERSION = 4.2;
				TARGETED_DEVICE_FAMILY = "1,2";
			};
			name = Debug;
		};
		AE4CECFB223DE189000F13B8 /* Release */ = {
			isa = XCBuildConfiguration;
			buildSettings = {
				ASSETCATALOG_COMPILER_APPICON_NAME = AppIcon;
				CODE_SIGN_STYLE = Automatic;
				INFOPLIST_FILE = AR_Racing_Revolution/Info.plist;
				LD_RUNPATH_SEARCH_PATHS = (
					"$(inherited)",
					"@executable_path/Frameworks",
				);
				PRODUCT_BUNDLE_IDENTIFIER = "com.prog31632.AR-Racing-Revolution";
				PRODUCT_NAME = "$(TARGET_NAME)";
				SWIFT_VERSION = 4.2;
				TARGETED_DEVICE_FAMILY = "1,2";
			};
			name = Release;
		};
/* End XCBuildConfiguration section */

/* Begin XCConfigurationList section */
		AE4CECE2223DE187000F13B8 /* Build configuration list for PBXProject "AR_Racing_Revolution" */ = {
			isa = XCConfigurationList;
			buildConfigurations = (
				AE4CECF7223DE189000F13B8 /* Debug */,
				AE4CECF8223DE189000F13B8 /* Release */,
			);
			defaultConfigurationIsVisible = 0;
			defaultConfigurationName = Release;
		};
		AE4CECF9223DE189000F13B8 /* Build configuration list for PBXNativeTarget "AR_Racing_Revolution" */ = {
			isa = XCConfigurationList;
			buildConfigurations = (
				AE4CECFA223DE189000F13B8 /* Debug */,
				AE4CECFB223DE189000F13B8 /* Release */,
			);
			defaultConfigurationIsVisible = 0;
			defaultConfigurationName = Release;
		};
/* End XCConfigurationList section */
	};
	rootObject = AE4CECDF223DE187000F13B8 /* Project object */;
}
